{
  "version": 4,
  "terraform_version": "1.11.1",
  "serial": 9,
  "lineage": "9842561b-374a-bfda-3a0e-f7a949e03a10",
  "outputs": {
    "vpc1_id": {
      "value": "vpc-0889a35e559c7c4cc",
      "type": "string"
    }
  },
  "resources": [
    {
      "mode": "managed",
      "type": "aws_vpc",
      "name": "vpc1",
      "provider": "provider[\"registry.terraform.io/hashicorp/aws\"]",
      "instances": [
        {
          "schema_version": 1,
          "attributes": {
            "arn": "arn:aws:ec2:us-east-1:891612551191:vpc/vpc-0889a35e559c7c4cc",
            "assign_generated_ipv6_cidr_block": false,
            "cidr_block": "10.0.0.0/16",
            "default_network_acl_id": "acl-0b061506eaf113c91",
            "default_route_table_id": "rtb-0a0cb37b8ffce1357",
            "default_security_group_id": "sg-0d2575c6a2804bdf9",
            "dhcp_options_id": "dopt-0bdf123de915031a2",
            "enable_dns_hostnames": false,
            "enable_dns_support": true,
            "enable_network_address_usage_metrics": false,
            "id": "vpc-0889a35e559c7c4cc",
            "instance_tenancy": "default",
            "ipv4_ipam_pool_id": null,
            "ipv4_netmask_length": null,
            "ipv6_association_id": "",
            "ipv6_cidr_block": "",
            "ipv6_cidr_block_network_border_group": "",
            "ipv6_ipam_pool_id": "",
            "ipv6_netmask_length": 0,
            "main_route_table_id": "rtb-0a0cb37b8ffce1357",
            "owner_id": "891612551191",
            "tags": {
              "Name": "vpc_samp1"
            },
            "tags_all": {
              "Name": "vpc_samp1"
            }
          },
          "sensitive_attributes": [],
          "private": "eyJzY2hlbWFfdmVyc2lvbiI6IjEifQ=="
        }
      ]
    }
  ],
  "check_results": null
}
